{
  "originHash" : "eb0eac11aef45cff4e0e8ec70ad5f014d4dca04e69395f5ba7e1d654d5e9efde",
  "pins" : [
    {
      "identity" : "appauth-ios",
      "kind" : "remoteSourceControl",
      "location" : "https://github.com/openid/AppAuth-iOS.git",
      "state" : {
        "revision" : "145104f5ea9d58ae21b60add007c33c1cc0c948e",
        "version" : "2.0.0"
      }
    }
  ],
  "version" : 3
}
